
Microsoft Visual Studio Solution File, Format Version 12.00
# Visual Studio Version 17
VisualStudioVersion = 17.8.34525.116
MinimumVisualStudioVersion = 10.0.40219.1
Project("{FAE04EC0-301F-11D3-BF4B-00C04F79EFBC}") = "Praktika1", "Praktika1\Praktika1.csproj", "{DD98CE56-D23B-4C80-BFB1-9FD13D5C6117}"
EndProject
Global
	GlobalSection(SolutionConfigurationPlatforms) = preSolution
		Debug|Any CPU = Debug|Any CPU
		Release|Any CPU = Release|Any CPU
	EndGlobalSection
	GlobalSection(ProjectConfigurationPlatforms) = postSolution
		{DD98CE56-D23B-4C80-BFB1-9FD13D5C6117}.Debug|Any CPU.ActiveCfg = Debug|Any CPU
		{DD98CE56-D23B-4C80-BFB1-9FD13D5C6117}.Debug|Any CPU.Build.0 = Debug|Any CPU
		{DD98CE56-D23B-4C80-BFB1-9FD13D5C6117}.Release|Any CPU.ActiveCfg = Release|Any CPU
		{DD98CE56-D23B-4C80-BFB1-9FD13D5C6117}.Release|Any CPU.Build.0 = Release|Any CPU
	EndGlobalSection
	GlobalSection(SolutionProperties) = preSolution
		HideSolutionNode = FALSE
	EndGlobalSection
	GlobalSection(ExtensibilityGlobals) = postSolution
		SolutionGuid = {DF31EFD7-8F11-411D-ACD5-E460DCF8D97D}
	EndGlobalSection
EndGlobal
